
Microsoft Visual Studio Solution File, Format Version 12.00
# Visual Studio Version 16
VisualStudioVersion = 16.0.31605.320
MinimumVisualStudioVersion = 10.0.40219.1
Project("{9A19103F-16F7-4668-BE54-9A1E7A4F7556}") = "TempImageHostingLambda", "TempImageHostingLambda\TempImageHostingLambda.csproj", "{6E777757-496C-45FE-8694-FA1B11B21034}"
EndProject
Global
	GlobalSection(SolutionConfigurationPlatforms) = preSolution
		Debug|Any CPU = Debug|Any CPU
		Release|Any CPU = Release|Any CPU
	EndGlobalSection
	GlobalSection(ProjectConfigurationPlatforms) = postSolution
		{6E777757-496C-45FE-8694-FA1B11B21034}.Debug|Any CPU.ActiveCfg = Debug|Any CPU
		{6E777757-496C-45FE-8694-FA1B11B21034}.Debug|Any CPU.Build.0 = Debug|Any CPU
		{6E777757-496C-45FE-8694-FA1B11B21034}.Release|Any CPU.ActiveCfg = Release|Any CPU
		{6E777757-496C-45FE-8694-FA1B11B21034}.Release|Any CPU.Build.0 = Release|Any CPU
	EndGlobalSection
	GlobalSection(SolutionProperties) = preSolution
		HideSolutionNode = FALSE
	EndGlobalSection
	GlobalSection(ExtensibilityGlobals) = postSolution
		SolutionGuid = {8C4541D2-C44A-46D1-B289-84FA8D6528FF}
	EndGlobalSection
EndGlobal
